github.com/gokrazy/rpi-eeprom v0.0.0-20240518032756-37da22ee9608 h1:8uderKR+8eXR0nRcyBugql1YPoJQjpjoltHqX9yl2DI=
github.com/gokrazy/rpi-eeprom v0.0.0-20240518032756-37da22ee9608/go.mod h1:vabxV1M+i6S3rGuWoFieHxCJW3jlob3rqe0KV82j+0o=
golang.org/x/sync v0.0.0-20200317015054-43a5402ce75a/go.mod h1:RxMgew5VJxzue5/jJTE5uejpjVlOe/izrB70Jof72aM=
