cloud.google.com/go v0.34.0/go.mod h1:aQUYkXzVsufM+DwF1aE+0xfcU+56JwCaLick0ClmMTw=
github.com/BurntSushi/toml v0.3.1 h1:WXkYYl6Yr3qBf1K79EBnL4mak0OimBfB0XUf9Vl28OQ=
github.com/BurntSushi/toml v0.3.1/go.mod h1:xHWCNGjB5oqiDr8zfno3MHue2Ht5sIBksp03qcyfWMU=
github.com/Masterminds/semver/v3 v3.0.3 h1:znjIyLfpXEDQjOIEWh+ehwpTU14UzUPub3c3sm36u14=
github.com/Masterminds/semver/v3 v3.0.3/go.mod h1:VPu/7SZ7ePZ3QOrcuXROw5FAcLl4a0cBrbBpGY/8hQs=
github.com/alecthomas/kingpin v2.2.6+incompatible h1:5svnBTFgJjZvGKyYBtMB0+m5wvrbUHiqye8wRJMlnYI=
github.com/alecthomas/kingpin v2.2.6+incompatible/go.mod h1:59OFYbFVLKQKq+mqrL6Rw5bR0c3ACQaawgXx0QYndlE=
github.com/alecthomas/template v0.0.0-20190718012654-fb15b899a751 h1:JYp7IbQjafoB+tBA3gMyHYHrpOtNuDiK/uB5uXxq5wM=
github.com/alecthomas/template v0.0.0-20190718012654-fb15b899a751/go.mod h1:LOuyumcjzFXgccqObfd/Ljyb9UuFJ6TxHnclSeseNhc=
github.com/alecthomas/units v0.0.0-20190924025748-f65c72e2690d h1:UQZhZ2O0vMHr2cI+DC1Mbh0TJxzA3RcLoMsFw+aXw7E=
github.com/alecthomas/units v0.0.0-20190924025748-f65c72e2690d/go.mod h1:rBZYJk541a8SKzHPHnH3zbiI+7dagKZ0cgpgrD7Fyho=
github.com/anmitsu/go-shlex v0.0.0-20161002113705-648efa622239 h1:kFOfPq6dUM1hTo4JG6LR5AXSUEsOjtdm0kw0FtQtMJA=
github.com/anmitsu/go-shlex v0.0.0-20161002113705-648efa622239/go.mod h1:2FmKhYUyUczH0OGQWaF5ceTx0UBShxjsH6f8oGKYe2c=
github.com/apenwarr/fixconsole v0.0.0-20191012055117-5a9f6489cc29 h1:muXWUcay7DDy1/hEQWrYlBy+g0EuwT70sBHg65SeUc4=
github.com/apenwarr/fixconsole v0.0.0-20191012055117-5a9f6489cc29/go.mod h1:JYWahgHer+Z2xbsgHPtaDYVWzeHDminu+YIBWkxpCAY=
github.com/apenwarr/w32 v0.0.0-20190407065021-aa00fece76ab h1:CMGzRRCjnD50RjUFSArBLuCxiDvdp7b8YPAcikBEQ+k=
github.com/apenwarr/w32 v0.0.0-20190407065021-aa00fece76ab/go.mod h1:nfFtvHn2Hgs9G1u0/J6LHQv//EksNC+7G8vXmd1VTJ8=
github.com/blakesmith/ar v0.0.0-20190502131153-809d4375e1fb h1:m935MPodAbYS46DG4pJSv7WO+VECIWUQ7OJYSoTrMh4=
github.com/blakesmith/ar v0.0.0-20190502131153-809d4375e1fb/go.mod h1:PkYb9DJNAwrSvRx5DYA+gUcOIgTGVMNkfSCbZM8cWpI=
github.com/cavaliercoder/go-cpio v0.0.0-20180626203310-925f9528c45e h1:hHg27A0RSSp2Om9lubZpiMgVbvn39bsUmW9U5h0twqc=
github.com/cavaliercoder/go-cpio v0.0.0-20180626203310-925f9528c45e/go.mod h1:oDpT4efm8tSYHXV5tHSdRvBet/b/QzxZ+XyyPehvm3A=
github.com/coreos/go-iptables v0.4.5 h1:DpHb9vJrZQEFMcVLFKAAGMUVX0XoRC0ptCthinRYm38=
github.com/coreos/go-iptables v0.4.5/go.mod h1:/mVI274lEDI2ns62jHCDnCyBF9Iwsmekav8Dbxlm1MU=
github.com/davecgh/go-spew v1.1.0/go.mod h1:J7Y8YcW2NihsgmVo/mv3lAwl/skON4iLHjSsI+c5H38=
github.com/davecgh/go-spew v1.1.1 h1:vj9j/u1bqnvCEfJOwUhtlOARqs3+rkHYY13jYWTU97c=
github.com/davecgh/go-spew v1.1.1/go.mod h1:J7Y8YcW2NihsgmVo/mv3lAwl/skON4iLHjSsI+c5H38=
github.com/flynn/go-shlex v0.0.0-20150515145356-3f9db97f8568 h1:BHsljHzVlRcyQhjrss6TZTdY2VfCqZPbv5k3iBFa2ZQ=
github.com/flynn/go-shlex v0.0.0-20150515145356-3f9db97f8568/go.mod h1:xEzjJPgXI435gkrCt3MPfRiAkVrwSbHsst4LCFVfpJc=
github.com/gliderlabs/ssh v0.2.2 h1:6zsha5zo/TWhRhwqCD3+EarCAgZ2yN28ipRnGPnwkI0=
github.com/gliderlabs/ssh v0.2.2/go.mod h1:U7qILu1NlMHj9FlMhZLlkCdDnU1DBEAqr0aevW3Awn0=
github.com/go-ole/go-ole v1.2.4 h1:nNBDSCOigTSiarFpYE9J/KtEA1IOW4CNeqT9TQDqCxI=
github.com/go-ole/go-ole v1.2.4/go.mod h1:XCwSNxSkXRo4vlyPy93sltvi/qJq0jqQhjqQNIwKuxM=
github.com/godbus/dbus v4.1.0+incompatible h1:WqqLRTsQic3apZUK9qC5sGNfXthmPXzUZ7nQPrNITa4=
github.com/godbus/dbus/v5 v5.0.3 h1:ZqHaoEF7TBzh4jzPmqVhE/5A1z9of6orkAe5uHoAeME=
github.com/godbus/dbus/v5 v5.0.3/go.mod h1:xhWf0FNVPg57R7Z0UbKHbJfkEywrmjJnf7w5xrFpKfA=
github.com/golang/groupcache v0.0.0-20200121045136-8c9f03a8e57e h1:1r7pUrabqp18hOBcwBwiTsbnFeTZHV9eER/QT5JVZxY=
github.com/golang/groupcache v0.0.0-20200121045136-8c9f03a8e57e/go.mod h1:cIg4eruTrX1D+g88fzRXU5OdNfaM+9IcxsU14FzY7Hc=
github.com/golang/protobuf v1.2.0 h1:P3YflyNX/ehuJFLhxviNdFxQPkGK5cDcApsge1SqnvM=
github.com/golang/protobuf v1.2.0/go.mod h1:6lQm79b+lXiMfvg/cZm0SGofjICqVBUtrP5yJMmIC1U=
github.com/google/go-cmp v0.2.0/go.mod h1:oXzfMopK8JAjlY9xF4vHSVASa0yLyX7SntLO5aqRK0M=
github.com/google/go-cmp v0.3.1/go.mod h1:8QqcDgzrUqlUb/G2PQTWiueGozuR1884gddMywk6iLU=
github.com/google/go-cmp v0.4.0 h1:xsAVV57WRhGj6kEIi8ReJzQlHHqcBYCElAvkovg3B/4=
github.com/google/go-cmp v0.4.0/go.mod h1:v8dTdLbMG2kIc/vJvl+f65V22dbkXbowE6jgT/gNBxE=
github.com/google/renameio v0.1.0/go.mod h1:KWCgfxg9yswjAJkECMjeO8J8rahYeXnNhOm40UhjYkI=
github.com/google/rpmpack v0.0.0-20191226140753-aa36bfddb3a0 h1:BW6OvS3kpT5UEPbCZ+KyX/OB4Ks9/MNMhWjqPPkZxsE=
github.com/google/rpmpack v0.0.0-20191226140753-aa36bfddb3a0/go.mod h1:RaTPr0KUf2K7fnZYLNDrr8rxAamWs3iNywJLtQ2AzBg=
github.com/goreleaser/nfpm v1.1.10 h1:0nwzKUJTcygNxTzVKq2Dh9wpVP1W2biUH6SNKmoxR3w=
github.com/goreleaser/nfpm v1.1.10/go.mod h1:oOcoGRVwvKIODz57NUfiRwFWGfn00NXdgnn6MrYtO5k=
github.com/imdario/mergo v0.3.8 h1:CGgOkSJeqMRmt0D9XLWExdT4m4F1vd3FV3VPt+0VxkQ=
github.com/imdario/mergo v0.3.8/go.mod h1:2EnlNZ0deacrJVfApfmtdGgDfMuh/nq6Ok1EcJh5FfA=
github.com/jsimonetti/rtnetlink v0.0.0-20190606172950-9527aa82566a/go.mod h1:Oz+70psSo5OFh8DBl0Zv2ACw7Esh6pPUphlvZG9x7uw=
github.com/jsimonetti/rtnetlink v0.0.0-20200117123717-f846d4f6c1f4 h1:nwOc1YaOrYJ37sEBrtWZrdqzK22hiJs3GpDmP3sR2Yw=
github.com/jsimonetti/rtnetlink v0.0.0-20200117123717-f846d4f6c1f4/go.mod h1:WGuG/smIU4J/54PblvSbh+xvCZmpJnFgr3ds6Z55XMQ=
github.com/kisielk/gotool v1.0.0/go.mod h1:XhKaO+MFFWcvkIS/tQcRk01m1F5IRFswLeQ+oQHNcck=
github.com/klauspost/compress v1.10.10 h1:a/y8CglcM7gLGYmlbP/stPE5sR3hbhFRUjCBfd/0B3I=
github.com/klauspost/compress v1.10.10/go.mod h1:aoV0uJVorq1K+umq18yTdKaF57EivdYsUV+/s2qKfXs=
github.com/kr/pretty v0.1.0 h1:L/CwN0zerZDmRFUapSPitk6f+Q3+0za1rQkzVuMiMFI=
github.com/kr/pretty v0.1.0/go.mod h1:dAy3ld7l9f0ibDNOQOHHMYYIIbhfbHSm3C4ZsoJORNo=
github.com/kr/pty v1.1.1 h1:VkoXIwSboBpnk99O/KFauAEILuNHv5DVFKZMBN/gUgw=
github.com/kr/pty v1.1.1/go.mod h1:pFQYn66WHrOpPYNljwOMqo10TkYh1fy3cYio2l3bCsQ=
github.com/kr/text v0.1.0 h1:45sCR5RtlFHMR4UwH9sdQ5TC8v0qDQCHnXt+kaKSTVE=
github.com/kr/text v0.1.0/go.mod h1:4Jbv+DJW3UT/LiOwJeYQe1efqtUx/iVham/4vfdArNI=
github.com/mattn/go-zglob v0.0.1 h1:xsEx/XUoVlI6yXjqBK062zYhRTZltCNmYPx6v+8DNaY=
github.com/mattn/go-zglob v0.0.1/go.mod h1:9fxibJccNxU2cnpIKLRRFA7zX7qhkJIQWBb449FYHOo=
github.com/mdlayher/netlink v0.0.0-20190409211403-11939a169225/go.mod h1:eQB3mZE4aiYnlUsyGGCOpPETfdQq4Jhsgf1fk3cwQaA=
github.com/mdlayher/netlink v1.0.0/go.mod h1:KxeJAFOFLG6AjpyDkQ/iIhxygIUKD+vcwqcnu43w/+M=
github.com/mdlayher/netlink v1.1.0 h1:mpdLgm+brq10nI9zM1BpX1kpDbh3NLl3RSnVq6ZSkfg=
github.com/mdlayher/netlink v1.1.0/go.mod h1:H4WCitaheIsdF9yOYu8CFmCgQthAPIWZmcKp9uZHgmY=
github.com/miekg/dns v1.1.30 h1:Qww6FseFn8PRfw07jueqIXqodm0JKiiKuK0DeXSqfyo=
github.com/miekg/dns v1.1.30/go.mod h1:KNUDUusw/aVsxyTYZM1oqvCicbwhgbNgztCETuNZ7xM=
github.com/op/go-logging v0.0.0-20160315200505-970db520ece7 h1:lDH9UUVJtmYCjyT0CI4q8xvlXPxeZ0gYCVvWbmPlp88=
github.com/op/go-logging v0.0.0-20160315200505-970db520ece7/go.mod h1:HzydrMdWErDVzsI23lYNej1Htcns9BCg93Dk0bBINWk=
github.com/pborman/getopt v0.0.0-20190409184431-ee0cd42419d3 h1:YtFkrqsMEj7YqpIhRteVxJxCeC3jJBieuLr0d4C4rSA=
github.com/pborman/getopt v0.0.0-20190409184431-ee0cd42419d3/go.mod h1:85jBQOZwpVEaDAr341tbn15RS4fCAsIst0qp7i8ex1o=
github.com/pelletier/go-toml v1.6.0/go.mod h1:5N711Q9dKgbdkxHL+MEfF31hpT7l0S0s/t2kKREewys=
github.com/peterbourgon/ff/v2 v2.0.0 h1:lx0oYI5qr/FU1xnpNhQ+EZM04gKgn46jyYvGEEqBBbY=
github.com/peterbourgon/ff/v2 v2.0.0/go.mod h1:xjwr+t+SjWm4L46fcj/D+Ap+6ME7+HqFzaP22pP5Ggk=
github.com/pkg/errors v0.8.1 h1:iURUrRGxPUNPdy5/HRSm+Yj6okJ6UtLINN0Q9M4+h3I=
github.com/pkg/errors v0.8.1/go.mod h1:bwawxfHBFNV+L2hUp1rHADufV3IMtnDRdf1r5NINEl0=
github.com/pmezard/go-difflib v1.0.0 h1:4DBwDE0NGyQoBHbLQYPwSUPoCMWR5BEzIk/f1lZbAQM=
github.com/pmezard/go-difflib v1.0.0/go.mod h1:iKH77koFhYxTK1pcRnkKkqfTogsbg7gZNVY4sRDYZ/4=
github.com/rogpeppe/go-internal v1.3.0/go.mod h1:M8bDsm7K2OlrFYOpmOWEs/qY81heoFRclV5y23lUDJ4=
github.com/sassoftware/go-rpmutils v0.0.0-20190420191620-a8f1baeba37b h1:+gCnWOZV8Z/8jehJ2CdqB47Z3S+SREmQcuXkRFLNsiI=
github.com/sassoftware/go-rpmutils v0.0.0-20190420191620-a8f1baeba37b/go.mod h1:am+Fp8Bt506lA3Rk3QCmSqmYmLMnPDhdDUcosQCAx+I=
github.com/stretchr/objx v0.1.0/go.mod h1:HFkY916IF+rwdDfMAkV7OtwuqBVzrE8GR6GFx+wExME=
github.com/stretchr/testify v1.4.0 h1:2E4SXV/wtOkTonXsotYi4li6zVWxYlZuYNCXe9XRJyk=
github.com/stretchr/testify v1.4.0/go.mod h1:j7eGeouHqKxXV5pUuKE4zz7dFj8WfuZ+81PSLYec5m4=
github.com/tailscale/winipcfg-go v0.0.0-20200413171540-609dcf2df55f h1:uFj5bslHsMzxIM8UTjAhq4VXeo6GfNW91rpoh/WMJaY=
github.com/tailscale/winipcfg-go v0.0.0-20200413171540-609dcf2df55f/go.mod h1:x880GWw5fvrl2DVTQ04ttXQD4DuppTt1Yz6wLibbjNE=
github.com/tailscale/wireguard-go v0.0.0-20200710044538-9320f191f6b1 h1:zMEeWu/X0l+xFnsbri69miflb3HIKoLwedZHD5xx6Mk=
github.com/tailscale/wireguard-go v0.0.0-20200710044538-9320f191f6b1/go.mod h1:JPm5cTfu1K+qDFRbiHy0sOlHUylYQbpl356sdYFD8V4=
github.com/tailscale/wireguard-go v0.0.0-20200716032321-dd6c1c8fe14c h1:45GoTCd7XoVVet8ws6q1p8DBvWz3tDrUZ60030+Y+C4=
github.com/tailscale/wireguard-go v0.0.0-20200716032321-dd6c1c8fe14c/go.mod h1:JPm5cTfu1K+qDFRbiHy0sOlHUylYQbpl356sdYFD8V4=
github.com/tcnksm/go-httpstat v0.2.0 h1:rP7T5e5U2HfmOBmZzGgGZjBQ5/GluWUylujl0tJ04I0=
github.com/tcnksm/go-httpstat v0.2.0/go.mod h1:s3JVJFtQxtBEBC9dwcdTTXS9xFnM3SXAZwPG41aurT8=
github.com/toqueteos/webbrowser v1.2.0 h1:tVP/gpK69Fx+qMJKsLE7TD8LuGWPnEV71wBN9rrstGQ=
github.com/toqueteos/webbrowser v1.2.0/go.mod h1:XWoZq4cyp9WeUeak7w7LXRUQf1F1ATJMir8RTqb4ayM=
github.com/ulikunitz/xz v0.5.6 h1:jGHAfXawEGZQ3blwU5wnWKQJvAraT7Ftq9EXjnXYgt8=
github.com/ulikunitz/xz v0.5.6/go.mod h1:2bypXElzHzzJZwzH67Y6wb67pO62Rzfn7BSiF4ABRW8=
github.com/xi2/xz v0.0.0-20171230120015-48954b6210f8 h1:nIPpBwaJSVYIxUFsDv3M8ofmx9yWTog9BfvIu0q41lo=
github.com/xi2/xz v0.0.0-20171230120015-48954b6210f8/go.mod h1:HUYIGzjTL3rfEspMxjDjgmT5uz5wzYJKVo23qUhYTos=
go4.org/mem v0.0.0-20200706164138-185c595c3ecc h1:paujszgN6SpsO/UsXC7xax3gQAKz/XQKCYZLQdU34Tw=
go4.org/mem v0.0.0-20200706164138-185c595c3ecc/go.mod h1:NEYvpHWemiG/E5UWfaN5QAIGZeT1sa0Z2UNk6oeMb/k=
golang.org/x/crypto v0.0.0-20190308221718-c2843e01d9a2/go.mod h1:djNgcEr1/C05ACkg1iLfiJU5Ep61QUkGW8qpdssI0+w=
golang.org/x/crypto v0.0.0-20190510104115-cbcb75029529/go.mod h1:yigFU9vqHzYiE8UmvKecakEJjdnWj3jj499lnFckfCI=
golang.org/x/crypto v0.0.0-20191002192127-34f69633bfdc/go.mod h1:yigFU9vqHzYiE8UmvKecakEJjdnWj3jj499lnFckfCI=
golang.org/x/crypto v0.0.0-20191011191535-87dc89f01550/go.mod h1:yigFU9vqHzYiE8UmvKecakEJjdnWj3jj499lnFckfCI=
golang.org/x/crypto v0.0.0-20200317142112-1b76d66859c6 h1:TjszyFsQsyZNHwdVdZ5m7bjmreu0znc2kRYsEml9/Ww=
golang.org/x/crypto v0.0.0-20200317142112-1b76d66859c6/go.mod h1:LzIPMQfyMNhhGPhUkYOs5KpL4U8rLKemX1yGLhDgUto=
golang.org/x/mod v0.0.0-20190513183733-4bf6d317e70e/go.mod h1:mXi4GBBbnImb6dmsKGUJ2LatrhH/nqhxcFungHvyanc=
golang.org/x/mod v0.1.1-0.20191105210325-c90efee705ee/go.mod h1:QqPTAvyqsEbceGzBzNggFXnrqF1CaUcvgkdR5Ot7KZg=
golang.org/x/net v0.0.0-20180724234803-3673e40ba225/go.mod h1:mL1N/T3taQHkDXs73rZJwtUhF3w3ftmwwsq0BUmARs4=
golang.org/x/net v0.0.0-20190108225652-1e06a53dbb7e/go.mod h1:mL1N/T3taQHkDXs73rZJwtUhF3w3ftmwwsq0BUmARs4=
golang.org/x/net v0.0.0-20190311183353-d8887717615a/go.mod h1:t9HGtf8HONx5eT2rtn7q6eTqICYqUVnKs3thJo3Qplg=
golang.org/x/net v0.0.0-20190404232315-eb5bcb51f2a3/go.mod h1:t9HGtf8HONx5eT2rtn7q6eTqICYqUVnKs3thJo3Qplg=
golang.org/x/net v0.0.0-20190620200207-3b0461eec859/go.mod h1:z5CRVTTTmAJ677TzLLGU+0bjPO0LkuOLi4/5GtJWs/s=
golang.org/x/net v0.0.0-20190827160401-ba9fcec4b297/go.mod h1:z5CRVTTTmAJ677TzLLGU+0bjPO0LkuOLi4/5GtJWs/s=
golang.org/x/net v0.0.0-20190923162816-aa69164e4478/go.mod h1:z5CRVTTTmAJ677TzLLGU+0bjPO0LkuOLi4/5GtJWs/s=
golang.org/x/net v0.0.0-20191003171128-d98b1b443823/go.mod h1:z5CRVTTTmAJ677TzLLGU+0bjPO0LkuOLi4/5GtJWs/s=
golang.org/x/net v0.0.0-20191007182048-72f939374954/go.mod h1:z5CRVTTTmAJ677TzLLGU+0bjPO0LkuOLi4/5GtJWs/s=
golang.org/x/net v0.0.0-20200202094626-16171245cfb2 h1:CCH4IOTTfewWjGOlSp+zGcjutRKlBEZQ6wTn8ozI/nI=
golang.org/x/net v0.0.0-20200202094626-16171245cfb2/go.mod h1:z5CRVTTTmAJ677TzLLGU+0bjPO0LkuOLi4/5GtJWs/s=
golang.org/x/net v0.0.0-20200301022130-244492dfa37a h1:GuSPYbZzB5/dcLNCwLQLsg3obCJtX9IJhpXkvY7kzk0=
golang.org/x/net v0.0.0-20200301022130-244492dfa37a/go.mod h1:z5CRVTTTmAJ677TzLLGU+0bjPO0LkuOLi4/5GtJWs/s=
golang.org/x/oauth2 v0.0.0-20200107190931-bf48bf16ab8d h1:TzXSXBo42m9gQenoE3b9BGiEpg5IG2JkU5FkPIawgtw=
golang.org/x/oauth2 v0.0.0-20200107190931-bf48bf16ab8d/go.mod h1:gOpvHmFTYa4IltrdGE7lF6nIHvwfUNPOp7c8zoXwtLw=
golang.org/x/sync v0.0.0-20181221193216-37e7f081c4d4 h1:YUO/7uOKsKeq9UokNS62b8FYywz3ker1l1vDZRCRefw=
golang.org/x/sync v0.0.0-20181221193216-37e7f081c4d4/go.mod h1:RxMgew5VJxzue5/jJTE5uejpjVlOe/izrB70Jof72aM=
golang.org/x/sync v0.0.0-20190423024810-112230192c58/go.mod h1:RxMgew5VJxzue5/jJTE5uejpjVlOe/izrB70Jof72aM=
golang.org/x/sync v0.0.0-20190911185100-cd5d95a43a6e h1:vcxGaoTs7kV8m5Np9uUNQin4BrLOthgV7252N8V+FwY=
golang.org/x/sync v0.0.0-20190911185100-cd5d95a43a6e/go.mod h1:RxMgew5VJxzue5/jJTE5uejpjVlOe/izrB70Jof72aM=
golang.org/x/sys v0.0.0-20190215142949-d0b11bdaac8a/go.mod h1:STP8DvDyc/dI5b8T5hshtkjS+E42TnysNCUPdjciGhY=
golang.org/x/sys v0.0.0-20190310054646-10058d7d4faa/go.mod h1:h1NjWce9XRLGQEsW7wpKNCjG9DtNlClVuFLEZdDNbEs=
golang.org/x/sys v0.0.0-20190312061237-fead79001313/go.mod h1:h1NjWce9XRLGQEsW7wpKNCjG9DtNlClVuFLEZdDNbEs=
golang.org/x/sys v0.0.0-20190405154228-4b34438f7a67/go.mod h1:h1NjWce9XRLGQEsW7wpKNCjG9DtNlClVuFLEZdDNbEs=
golang.org/x/sys v0.0.0-20190411185658-b44545bcd369/go.mod h1:h1NjWce9XRLGQEsW7wpKNCjG9DtNlClVuFLEZdDNbEs=
golang.org/x/sys v0.0.0-20190412213103-97732733099d/go.mod h1:h1NjWce9XRLGQEsW7wpKNCjG9DtNlClVuFLEZdDNbEs=
golang.org/x/sys v0.0.0-20190826190057-c7b8b68b1456/go.mod h1:h1NjWce9XRLGQEsW7wpKNCjG9DtNlClVuFLEZdDNbEs=
golang.org/x/sys v0.0.0-20190924154521-2837fb4f24fe/go.mod h1:h1NjWce9XRLGQEsW7wpKNCjG9DtNlClVuFLEZdDNbEs=
golang.org/x/sys v0.0.0-20191003212358-c178f38b412c/go.mod h1:h1NjWce9XRLGQEsW7wpKNCjG9DtNlClVuFLEZdDNbEs=
golang.org/x/sys v0.0.0-20191008105621-543471e840be/go.mod h1:h1NjWce9XRLGQEsW7wpKNCjG9DtNlClVuFLEZdDNbEs=
golang.org/x/sys v0.0.0-20200202164722-d101bd2416d5 h1:LfCXLvNmTYH9kEmVgqbnsWfruoXZIrh4YBgqVHtDvw0=
golang.org/x/sys v0.0.0-20200202164722-d101bd2416d5/go.mod h1:h1NjWce9XRLGQEsW7wpKNCjG9DtNlClVuFLEZdDNbEs=
golang.org/x/sys v0.0.0-20200501052902-10377860bb8e h1:hq86ru83GdWTlfQFZGO4nZJTU4Bs2wfHl8oFHRaXsfc=
golang.org/x/sys v0.0.0-20200501052902-10377860bb8e/go.mod h1:h1NjWce9XRLGQEsW7wpKNCjG9DtNlClVuFLEZdDNbEs=
golang.org/x/text v0.3.0/go.mod h1:NqM8EUOU14njkJ3fqMW+pc6Ldnwhi/IjpwHt7yyuwOQ=
golang.org/x/text v0.3.2 h1:tW2bmiBqwgJj/UpqtC8EpXEZVYOwU0yG4iWbprSVAcs=
golang.org/x/text v0.3.2/go.mod h1:bEr9sfX3Q8Zfm5fL9x+3itogRgK3+ptLWKqgva+5dAk=
golang.org/x/time v0.0.0-20191024005414-555d28b269f0 h1:/5xXl8Y5W96D+TtHSlonuFqGHIWVuyCkGJLwGh9JJFs=
golang.org/x/time v0.0.0-20191024005414-555d28b269f0/go.mod h1:tRJNPiyCQ0inRvYxbN9jk5I+vvW/OXSQhTDSoE431IQ=
golang.org/x/tools v0.0.0-20180917221912-90fa682c2a6e/go.mod h1:n7NCudcB/nEzxVGmLbDWY5pfWTLqBcC2KZ6jyYvM4mQ=
golang.org/x/tools v0.0.0-20191130070609-6e064ea0cf2d h1:/iIZNFGxc/a7C3yWjGcnboV+Tkc7mxr+p6fDztwoxuM=
golang.org/x/tools v0.0.0-20191130070609-6e064ea0cf2d/go.mod h1:b+2E5dAYhXwXZwtnZ6UAqBI28+e2cm9otk0dWdXHAEo=
golang.org/x/tools v0.0.0-20191216052735-49a3e744a425 h1:VvQyQJN0tSuecqgcIxMWnnfG5kSmgy9KZR9sW3W5QeA=
golang.org/x/tools v0.0.0-20191216052735-49a3e744a425/go.mod h1:TB2adYChydJhpapKDTa4BR/hXlZSLoq2Wpct/0txZ28=
golang.org/x/xerrors v0.0.0-20190717185122-a985d3407aa7/go.mod h1:I/5z698sn9Ka8TeJc9MKroUUfqBBauWjQqLJ2OPfmY0=
golang.org/x/xerrors v0.0.0-20191011141410-1b5146add898/go.mod h1:I/5z698sn9Ka8TeJc9MKroUUfqBBauWjQqLJ2OPfmY0=
golang.org/x/xerrors v0.0.0-20191204190536-9bdfabe68543 h1:E7g+9GITq07hpfrRu66IVDexMakfv52eLZ2CXBWiKr4=
golang.org/x/xerrors v0.0.0-20191204190536-9bdfabe68543/go.mod h1:I/5z698sn9Ka8TeJc9MKroUUfqBBauWjQqLJ2OPfmY0=
google.golang.org/appengine v1.4.0 h1:/wp5JvzpHIxhs/dumFmF7BXTf3Z+dd4uXta4kVyO508=
google.golang.org/appengine v1.4.0/go.mod h1:xpcJRLb0r/rnEns0DIKYYv+WjYCduHsrkT7/EB5XEv4=
gopkg.in/check.v1 v0.0.0-20161208181325-20d25e280405/go.mod h1:Co6ibVJAznAaIkqp8huTwlJQCZ016jof/cbN4VW5Yz0=
gopkg.in/check.v1 v1.0.0-20180628173108-788fd7840127/go.mod h1:Co6ibVJAznAaIkqp8huTwlJQCZ016jof/cbN4VW5Yz0=
gopkg.in/check.v1 v1.0.0-20190902080502-41f04d3bba15 h1:YR8cESwS4TdDjEe65xsg0ogRM/Nc3DYOhEAlW+xobZo=
gopkg.in/check.v1 v1.0.0-20190902080502-41f04d3bba15/go.mod h1:Co6ibVJAznAaIkqp8huTwlJQCZ016jof/cbN4VW5Yz0=
gopkg.in/errgo.v2 v2.1.0/go.mod h1:hNsd1EY+bozCKY1Ytp96fpM3vjJbqLJn88ws8XvfDNI=
gopkg.in/yaml.v2 v2.2.2/go.mod h1:hI93XBmqTisBFMUTm0b8Fm+jr3Dg1NNxqwp+5A1VGuI=
gopkg.in/yaml.v2 v2.2.4/go.mod h1:hI93XBmqTisBFMUTm0b8Fm+jr3Dg1NNxqwp+5A1VGuI=
gopkg.in/yaml.v2 v2.2.7 h1:VUgggvou5XRW9mHwD/yXxIYSMtY0zoKQf/v226p2nyo=
gopkg.in/yaml.v2 v2.2.7/go.mod h1:hI93XBmqTisBFMUTm0b8Fm+jr3Dg1NNxqwp+5A1VGuI=
honnef.co/go/tools v0.0.1-2020.1.4 h1:UoveltGrhghAA7ePc+e+QYDHXrBps2PqFZiHkGR/xK8=
honnef.co/go/tools v0.0.1-2020.1.4/go.mod h1:X/FiERA/W4tHapMX5mGpAtMSVEeEUOyHaw9vFzvIQ3k=
inet.af/netaddr v0.0.0-20200706235120-1ac1a40fae99 h1:+43CBpWlrXThaOxixPS5JXEJZC8zaMCpDu3aKffe0bs=
inet.af/netaddr v0.0.0-20200706235120-1ac1a40fae99/go.mod h1:qqYzz/2whtrbWJvt+DNWQyvekNN4ePQZcg2xc2/Yjww=
rsc.io/goversion v1.2.0 h1:SPn+NLTiAG7w30IRK/DKp1BjvpWabYgxlLp/+kx5J8w=
rsc.io/goversion v1.2.0/go.mod h1:Eih9y/uIBS3ulggl7KNJ09xGSLcuNaLgmvvqa07sgfo=
