github.com/beevik/ntp v0.2.0/go.mod h1:hIHWr+l3+/clUnF44zdK+CWW7fO8dR5cIylAQ76NRpg=
github.com/davecgh/go-spew v1.1.0/go.mod h1:J7Y8YcW2NihsgmVo/mv3lAwl/skON4iLHjSsI+c5H38=
github.com/gokrazy/gokrazy v0.0.0-20200501080617-f3445e01a904 h1:eqfH4A/LLgxv5RvqEXwVoFvfmpRa8+TokRjB5g6xBkk=
github.com/gokrazy/gokrazy v0.0.0-20200501080617-f3445e01a904/go.mod h1:pq6rGHqxMRPSaTXaCMzIZy0wLDusAJyoVNyNo05RLs0=
github.com/gokrazy/internal v0.0.0-20200407075822-660ad467b7c9 h1:x5jR/nNo4/kMSoNo/nwa2xbL7PN1an8S3oIn4OZJdec=
github.com/gokrazy/internal v0.0.0-20200407075822-660ad467b7c9/go.mod h1:LA5TQy7LcvYGQOy75tkrYkFUhbV2nl5qEBP47PSi2JA=
github.com/gokrazy/serial-busybox v0.0.0-20220918193710-d728912733ca h1:x0eSjuFy8qsRctVHeWm3EC474q3xm4h3OOOrYpcqyyA=
github.com/gokrazy/serial-busybox v0.0.0-20220918193710-d728912733ca/go.mod h1:OYcG5tSb+QrelmUOO4EZVUFcIHyyZb0QDbEbZFUp1TA=
github.com/google/go-cmp v0.4.0/go.mod h1:v8dTdLbMG2kIc/vJvl+f65V22dbkXbowE6jgT/gNBxE=
github.com/google/gopacket v1.1.16/go.mod h1:UCLx9mCmAwsVbn6qQl1WIEt2SO7Nd2fD0th1TBAsqBw=
github.com/mdlayher/raw v0.0.0-20190303161257-764d452d77af/go.mod h1:rC/yE65s/DoHB6BzVOUBNYBGTg772JVytyAytffIZkY=
github.com/pmezard/go-difflib v1.0.0/go.mod h1:iKH77koFhYxTK1pcRnkKkqfTogsbg7gZNVY4sRDYZ/4=
github.com/rtr7/dhcp4 v0.0.0-20181120124042-778e8c2e24a5/go.mod h1:FwstIpm6vX98QgtR8KEwZcVjiRn2WP76LjXAHj84fK0=
github.com/stretchr/objx v0.1.0/go.mod h1:HFkY916IF+rwdDfMAkV7OtwuqBVzrE8GR6GFx+wExME=
github.com/stretchr/testify v1.5.1/go.mod h1:5W2xD1RspED5o8YsWQXVCued0rvSQ+mT+I5cxcmMvtA=
golang.org/x/crypto v0.0.0-20190308221718-c2843e01d9a2/go.mod h1:djNgcEr1/C05ACkg1iLfiJU5Ep61QUkGW8qpdssI0+w=
golang.org/x/crypto v0.0.0-20191206172530-e9b2fee46413/go.mod h1:LzIPMQfyMNhhGPhUkYOs5KpL4U8rLKemX1yGLhDgUto=
golang.org/x/net v0.0.0-20190404232315-eb5bcb51f2a3/go.mod h1:t9HGtf8HONx5eT2rtn7q6eTqICYqUVnKs3thJo3Qplg=
golang.org/x/sys v0.0.0-20190215142949-d0b11bdaac8a/go.mod h1:STP8DvDyc/dI5b8T5hshtkjS+E42TnysNCUPdjciGhY=
golang.org/x/sys v0.0.0-20190412213103-97732733099d/go.mod h1:h1NjWce9XRLGQEsW7wpKNCjG9DtNlClVuFLEZdDNbEs=
golang.org/x/sys v0.0.0-20200406155108-e3b113bbe6a4 h1:c1Sgqkh8v6ZxafNGG64r8C8UisIW2TKMJN8P86tKjr0=
golang.org/x/sys v0.0.0-20200406155108-e3b113bbe6a4/go.mod h1:h1NjWce9XRLGQEsW7wpKNCjG9DtNlClVuFLEZdDNbEs=
golang.org/x/text v0.3.0/go.mod h1:NqM8EUOU14njkJ3fqMW+pc6Ldnwhi/IjpwHt7yyuwOQ=
golang.org/x/xerrors v0.0.0-20191204190536-9bdfabe68543/go.mod h1:I/5z698sn9Ka8TeJc9MKroUUfqBBauWjQqLJ2OPfmY0=
gopkg.in/check.v1 v0.0.0-20161208181325-20d25e280405/go.mod h1:Co6ibVJAznAaIkqp8huTwlJQCZ016jof/cbN4VW5Yz0=
gopkg.in/yaml.v2 v2.2.2/go.mod h1:hI93XBmqTisBFMUTm0b8Fm+jr3Dg1NNxqwp+5A1VGuI=
