github.com/creack/pty v1.1.18 h1:n56/Zwd5o6whRC5PMGretI4IdRLlmBXYNjScPaBgsbY=
github.com/creack/pty v1.1.18/go.mod h1:MOBLtS5ELjhRRrroQr9kyvTxUAFNvYEK993ew/Vr4O4=
github.com/gokrazy/breakglass v0.0.0-20251229072214-9dbc0478d486 h1:QBELQyXGy+eCEcWtvSfslJk3y7nUPZldOwBqIz1tkXc=
github.com/gokrazy/breakglass v0.0.0-20251229072214-9dbc0478d486/go.mod h1:PFPkRFcazBmCZKo+sBaGjsWouTtfDvg13nCDm0tFOCA=
github.com/gokrazy/gokapi v0.0.0-20250222071133-506fdb322775 h1:f5+2UMRRbr3+e/gdWCBNn48chS/KMMljfbmlSSHfRBA=
github.com/gokrazy/gokapi v0.0.0-20250222071133-506fdb322775/go.mod h1:q9mIV8al0wqmqFXJhKiO3SOHkL9/7Q4kIMynqUQWhgU=
github.com/gokrazy/gokrazy v0.0.0-20250222061409-bd0bb5f1d0b5 h1:VQhDGxRliP4ZTQ8+33v4VKtOpX4VzN8pA4zBMZQSSxs=
github.com/gokrazy/gokrazy v0.0.0-20250222061409-bd0bb5f1d0b5/go.mod h1:6fAh0J7aH6o5HWSiwN6uxNlm6Rjx1BxeNMWyNBQZ6sI=
github.com/gokrazy/internal v0.0.0-20251208203110-3c1aa9087c82 h1:4ghNfD9NaZLpFrqQiBF6mPVFeMYXJSky38ubVA4ic2E=
github.com/gokrazy/internal v0.0.0-20251208203110-3c1aa9087c82/go.mod h1:dQY4EMkD4L5ZjYJ0SPtpgYbV7MIUMCxNIXiOfnZ6jP4=
github.com/google/renameio/v2 v2.0.0 h1:UifI23ZTGY8Tt29JbYFiuyIU3eX+RNFtUwefq9qAhxg=
github.com/google/renameio/v2 v2.0.0/go.mod h1:BtmJXm5YlszgC+TD4HOEEUFgkJP3nLxehU6hfe7jRt4=
github.com/google/shlex v0.0.0-20191202100458-e7afc7fbc510 h1:El6M4kTTCOh6aBiKaUGG7oYTSPP8MxqL4YI3kZKwcP4=
github.com/google/shlex v0.0.0-20191202100458-e7afc7fbc510/go.mod h1:pupxD2MaaD3pAXIBCelhxNneeOaAeabZDe5s4K6zSpQ=
github.com/kenshaw/evdev v0.1.0 h1:wmtceEOFfilChgdNT+c/djPJ2JineVsQ0N14kGzFRUo=
github.com/kenshaw/evdev v0.1.0/go.mod h1:B/fErKCihUyEobz0mjn2qQbHgyJKFQAxkXSvkeeA/Wo=
github.com/kr/fs v0.1.0 h1:Jskdu9ieNAYnjxsi0LbQp1ulIKZV1LAFgK1tWhpZgl8=
github.com/kr/fs v0.1.0/go.mod h1:FFnZGqtBN9Gxj7eW1uZ42v5BccTP0vu6NEaFoC2HwRg=
github.com/kr/pty v1.1.8 h1:AkaSdXYQOWeaO3neb8EM634ahkXXe3jYbVh/F9lq+GI=
github.com/kr/pty v1.1.8/go.mod h1:O1sed60cT9XZ5uDucP5qwvh+TE3NnUj51EiZO/lmSfw=
github.com/mdlayher/watchdog v0.0.0-20221003142519-49be0df7b3b5 h1:80FAK3TW5lVymfHu3kvB1QvTZvy9Kmx1lx6sT5Ep16s=
github.com/mdlayher/watchdog v0.0.0-20221003142519-49be0df7b3b5/go.mod h1:z0QjVpjpK4jksEkffQwS3+abQ3XFTm1bnimyDzWyUk0=
github.com/pkg/sftp v1.13.5 h1:a3RLUqkyjYRtBTZJZ1VRrKbN3zhuPLlUc3sphVz81go=
github.com/pkg/sftp v1.13.5/go.mod h1:wHDZ0IZX6JcBYRK1TH9bcVq8G7TLpVHYIGJRFnmPfxg=
github.com/spf13/pflag v1.0.5 h1:iy+VFUOCP1a+8yFto/drg2CJ5u0yRoB7fZw3DKv/JXA=
github.com/spf13/pflag v1.0.5/go.mod h1:McXfInJRrz4CZXVZOBLb0bTZqETkiAhM9Iw0y3An2Bg=
golang.org/x/crypto v0.45.0 h1:jMBrvKuj23MTlT0bQEOBcAE0mjg8mK9RXFhRH6nyF3Q=
golang.org/x/crypto v0.45.0/go.mod h1:XTGrrkGJve7CYK7J8PEww4aY7gM3qMCElcJQ8n8JdX4=
golang.org/x/oauth2 v0.27.0 h1:da9Vo7/tDv5RH/7nZDz1eMGS/q1Vv1N/7FCrBhI9I3M=
golang.org/x/oauth2 v0.27.0/go.mod h1:onh5ek6nERTohokkhCD/y2cV4Do3fxFHFuAejCkRWT8=
golang.org/x/sys v0.38.0 h1:3yZWxaJjBmCWXqhN1qh02AkOnCQ1poK6oF+a7xWL6Gc=
golang.org/x/sys v0.38.0/go.mod h1:OgkHotnGiDImocRcuBABYBEXf8A9a87e/uXjp9XT3ks=
