github.com/gokrazy/gokrazy v0.0.0-20240525065858-dedadaf38803 h1:gdGRW/wXHPJuZgZD931Lh75mdJfzEEXrL+Dvi97Ck3A=
github.com/gokrazy/gokrazy v0.0.0-20240525065858-dedadaf38803/go.mod h1:NHROeDlzn0icUl3f+tEYvGGpcyBDMsr3AvKLHOWRe5M=
github.com/gokrazy/internal v0.0.0-20240510165500-68dd68393b7a h1:FKeN678rNpKTpWRdFbAhYL9mWzPu57R5XPXCR3WmXdI=
github.com/gokrazy/internal v0.0.0-20240510165500-68dd68393b7a/go.mod h1:t3ZirVhcs9bH+fPAJuGh51rzT7sVCZ9yfXvszf0ZjF0=
github.com/gokrazy/internal v0.0.0-20240629150625-a0f1dee26ef5 h1:XDklMxV0pE5jWiNaoo5TzvWfqdoiRRScmr4ZtDzE4Uw=
github.com/gokrazy/internal v0.0.0-20240629150625-a0f1dee26ef5/go.mod h1:t3ZirVhcs9bH+fPAJuGh51rzT7sVCZ9yfXvszf0ZjF0=
github.com/google/renameio/v2 v2.0.0 h1:UifI23ZTGY8Tt29JbYFiuyIU3eX+RNFtUwefq9qAhxg=
github.com/google/renameio/v2 v2.0.0/go.mod h1:BtmJXm5YlszgC+TD4HOEEUFgkJP3nLxehU6hfe7jRt4=
github.com/kenshaw/evdev v0.1.0 h1:wmtceEOFfilChgdNT+c/djPJ2JineVsQ0N14kGzFRUo=
github.com/kenshaw/evdev v0.1.0/go.mod h1:B/fErKCihUyEobz0mjn2qQbHgyJKFQAxkXSvkeeA/Wo=
github.com/mdlayher/watchdog v0.0.0-20201005150459-8bdc4f41966b h1:7tUBfsEEBWfFeHOB7CUfoOamak+Gx/BlirfXyPk1WjI=
github.com/mdlayher/watchdog v0.0.0-20201005150459-8bdc4f41966b/go.mod h1:bmoJUS6qOA3uKFvF3KVuhf7mU1KQirzQMeHXtPyKEqg=
github.com/spf13/pflag v1.0.5 h1:iy+VFUOCP1a+8yFto/drg2CJ5u0yRoB7fZw3DKv/JXA=
github.com/spf13/pflag v1.0.5/go.mod h1:McXfInJRrz4CZXVZOBLb0bTZqETkiAhM9Iw0y3An2Bg=
github.com/tailscale/gokrazy v0.0.0-20240602215456-7b9b6bbf726a h1:7dnA8x14JihQmKbPr++Y5CCN/XSyDmOB6cXUxcIj6VQ=
github.com/tailscale/gokrazy v0.0.0-20240602215456-7b9b6bbf726a/go.mod h1:NHROeDlzn0icUl3f+tEYvGGpcyBDMsr3AvKLHOWRe5M=
github.com/tailscale/gokrazy v0.0.0-20240802144848-676865a4e84f h1:ZSAGWpgs+6dK2oIz5OR+HUul3oJbnhFn8YNgcZ3d9SQ=
github.com/tailscale/gokrazy v0.0.0-20240802144848-676865a4e84f/go.mod h1:+/WWMckeuQt+DG6690A6H8IgC+HpBFq2fmwRKcSbxdk=
github.com/tailscale/gokrazy v0.0.0-20240812224643-6b21ddf64678 h1:2B8/FbIRqmVgRUulQ4iu1EojniufComYe5Yj4BtIn1c=
github.com/tailscale/gokrazy v0.0.0-20240812224643-6b21ddf64678/go.mod h1:+/WWMckeuQt+DG6690A6H8IgC+HpBFq2fmwRKcSbxdk=
golang.org/x/sys v0.0.0-20201005065044-765f4ea38db3/go.mod h1:h1NjWce9XRLGQEsW7wpKNCjG9DtNlClVuFLEZdDNbEs=
golang.org/x/sys v0.20.0 h1:Od9JTbYCk261bKm4M/mw7AklTlFYIa0bIp9BgSm1S8Y=
golang.org/x/sys v0.20.0/go.mod h1:/VUhepiaJMQUp4+oa/7Zr1D23ma6VTLIYjOOTFZPUcA=
