github.com/tailscale/gokrazy-kernel v0.0.0-20240530042707-3f95c886bcf2 h1:xzf+cMvBJBcA/Av7OTWBa0Tjrbfcy00TeatJeJt6zrY=
github.com/tailscale/gokrazy-kernel v0.0.0-20240530042707-3f95c886bcf2/go.mod h1:7Mth+m9bq2IHusSsexMNyupHWPL8RxwOuSvBlSGtgDY=
github.com/tailscale/gokrazy-kernel v0.0.0-20240728225134-3d23beabda2e h1:tyUUgeRPGHjCZWycRnhdx8Lx9DRkjl3WsVUxYMrVBOw=
github.com/tailscale/gokrazy-kernel v0.0.0-20240728225134-3d23beabda2e/go.mod h1:7Mth+m9bq2IHusSsexMNyupHWPL8RxwOuSvBlSGtgDY=
