github.com/gokrazy/internal v0.0.0-20210621162516-1b3b5687a06d h1:qk95CKJfxvU5oi3lbrVkEgID5ak1pOjTyPTdaXs6Q9E=
github.com/gokrazy/internal v0.0.0-20210621162516-1b3b5687a06d/go.mod h1:Gqv1x1DNrObmBvVvblpZbvZizZ0dU5PwiwYHipmtY9Y=
github.com/gokrazy/mkfs v0.0.0-20230114091253-b6755f9e9632 h1:Vt3rJdB4p56yjK4CKhb/awHT6Qj7LoC3CwPoOaiNS6k=
github.com/gokrazy/mkfs v0.0.0-20230114091253-b6755f9e9632/go.mod h1:O2w1ipGvg78u3F61FnLp36Db3MsUbdy8E/ciG64jbGY=
